
Microsoft Visual Studio Solution File, Format Version 12.00
# Visual Studio Version 17
VisualStudioVersion = 17.5.33424.131
MinimumVisualStudioVersion = 10.0.40219.1
Project("{FAE04EC0-301F-11D3-BF4B-00C04F79EFBC}") = "WindowsFormsApp2", "WindowsFormsApp2\WindowsFormsApp2.csproj", "{BF05A53A-5AC6-4C43-A5E3-D855BE525B9C}"
EndProject
Global
	GlobalSection(SolutionConfigurationPlatforms) = preSolution
		Debug|Any CPU = Debug|Any CPU
		Release|Any CPU = Release|Any CPU
	EndGlobalSection
	GlobalSection(ProjectConfigurationPlatforms) = postSolution
		{BF05A53A-5AC6-4C43-A5E3-D855BE525B9C}.Debug|Any CPU.ActiveCfg = Debug|Any CPU
		{BF05A53A-5AC6-4C43-A5E3-D855BE525B9C}.Debug|Any CPU.Build.0 = Debug|Any CPU
		{BF05A53A-5AC6-4C43-A5E3-D855BE525B9C}.Release|Any CPU.ActiveCfg = Release|Any CPU
		{BF05A53A-5AC6-4C43-A5E3-D855BE525B9C}.Release|Any CPU.Build.0 = Release|Any CPU
	EndGlobalSection
	GlobalSection(SolutionProperties) = preSolution
		HideSolutionNode = FALSE
	EndGlobalSection
	GlobalSection(ExtensibilityGlobals) = postSolution
		SolutionGuid = {ECBB850C-B9A5-4A40-BC0E-370E0127624E}
	EndGlobalSection
EndGlobal
